
Microsoft Visual Studio Solution File, Format Version 12.00
# Visual Studio Version 17
VisualStudioVersion = 17.0.31423.177
MinimumVisualStudioVersion = 10.0.40219.1
Project("{FAE04EC0-301F-11D3-BF4B-00C04F79EFBC}") = "HalloTPL", "HalloTPL\HalloTPL.csproj", "{11C4B2DF-38D4-4B6C-8CE3-2619BE865782}"
EndProject
Global
	GlobalSection(SolutionConfigurationPlatforms) = preSolution
		Debug|Any CPU = Debug|Any CPU
		Release|Any CPU = Release|Any CPU
	EndGlobalSection
	GlobalSection(ProjectConfigurationPlatforms) = postSolution
		{11C4B2DF-38D4-4B6C-8CE3-2619BE865782}.Debug|Any CPU.ActiveCfg = Debug|Any CPU
		{11C4B2DF-38D4-4B6C-8CE3-2619BE865782}.Debug|Any CPU.Build.0 = Debug|Any CPU
		{11C4B2DF-38D4-4B6C-8CE3-2619BE865782}.Release|Any CPU.ActiveCfg = Release|Any CPU
		{11C4B2DF-38D4-4B6C-8CE3-2619BE865782}.Release|Any CPU.Build.0 = Release|Any CPU
	EndGlobalSection
	GlobalSection(SolutionProperties) = preSolution
		HideSolutionNode = FALSE
	EndGlobalSection
	GlobalSection(ExtensibilityGlobals) = postSolution
		SolutionGuid = {DEAA0382-08E7-4307-A2EE-42DEEB4E41F4}
	EndGlobalSection
EndGlobal
