
Microsoft Visual Studio Solution File, Format Version 12.00
# Visual Studio Version 17
VisualStudioVersion = 17.0.31423.177
MinimumVisualStudioVersion = 10.0.40219.1
Project("{FAE04EC0-301F-11D3-BF4B-00C04F79EFBC}") = "HalloAsync", "HalloAsync\HalloAsync.csproj", "{5C1FCEEC-701F-4D95-901A-F5015A1DFF81}"
EndProject
Global
	GlobalSection(SolutionConfigurationPlatforms) = preSolution
		Debug|Any CPU = Debug|Any CPU
		Release|Any CPU = Release|Any CPU
	EndGlobalSection
	GlobalSection(ProjectConfigurationPlatforms) = postSolution
		{5C1FCEEC-701F-4D95-901A-F5015A1DFF81}.Debug|Any CPU.ActiveCfg = Debug|Any CPU
		{5C1FCEEC-701F-4D95-901A-F5015A1DFF81}.Debug|Any CPU.Build.0 = Debug|Any CPU
		{5C1FCEEC-701F-4D95-901A-F5015A1DFF81}.Release|Any CPU.ActiveCfg = Release|Any CPU
		{5C1FCEEC-701F-4D95-901A-F5015A1DFF81}.Release|Any CPU.Build.0 = Release|Any CPU
	EndGlobalSection
	GlobalSection(SolutionProperties) = preSolution
		HideSolutionNode = FALSE
	EndGlobalSection
	GlobalSection(ExtensibilityGlobals) = postSolution
		SolutionGuid = {EA753E09-DEC9-48B7-AF62-5D15A15DD46E}
	EndGlobalSection
EndGlobal
